PODS:
  - Alamofire (4.7.3)
  - Realm (3.7.6):
    - Realm/Headers (= 3.7.6)
  - Realm/Headers (3.7.6)
  - RealmSwift (3.7.6):
    - Realm (= 3.7.6)

DEPENDENCIES:
  - Alamofire (~> 4.7.3)
  - RealmSwift (~> 3.7.6)

SPEC REPOS:
  https://github.com/cocoapods/specs.git:
    - Alamofire
    - Realm
    - RealmSwift

SPEC CHECKSUMS:
  Alamofire: c7287b6e5d7da964a70935e5db17046b7fde6568
  Realm: 9eaecad54712d6246d08ba34c10f354e4715d7d3
  RealmSwift: 1fe08b4ebaeeaacf17f9ba0343f7b25c9fc31fa6

PODFILE CHECKSUM: 6ebf62c5c3acc1390cc64832672e8f33749a5e47

COCOAPODS: 1.5.3
